{
  "nodes": {
    "nixCats": {
      "locked": {
        "lastModified": 1748230488,
        "narHash": "sha256-CktYY2rcFPJ3Tbz5H/nDnkhaO18nrLGdWa1mH7V9X5Q=",
        "owner": "BirdeeHub",
        "repo": "nixCats-nvim",
        "rev": "2a2f15a6c085524ac121f5da9a73ee2155c53d70",
        "type": "github"
      },
      "original": {
        "owner": "BirdeeHub",
        "repo": "nixCats-nvim",
        "type": "github"
      }
    },
    "nixpkgs": {
      "locked": {
        "lastModified": 1748370509,
        "narHash": "sha256-QlL8slIgc16W5UaI3w7xHQEP+Qmv/6vSNTpoZrrSlbk=",
        "owner": "nixos",
        "repo": "nixpkgs",
        "rev": "4faa5f5321320e49a78ae7848582f684d64783e9",
        "type": "github"
      },
      "original": {
        "owner": "nixos",
        "ref": "nixos-unstable",
        "repo": "nixpkgs",
        "type": "github"
      }
    },
    "plugins-hlargs": {
      "flake": false,
      "locked": {
        "lastModified": 1746790317,
        "narHash": "sha256-aj3ownRZSXuuMM9AWU3pEewY4SY7IOYtAnFWXPUwfk0=",
        "owner": "m-demare",
        "repo": "hlargs.nvim",
        "rev": "752927d9ebf753802bd4788e53c67a21b8e255cc",
        "type": "github"
      },
      "original": {
        "owner": "m-demare",
        "repo": "hlargs.nvim",
        "type": "github"
      }
    },
    "plugins-neopywal-nvim": {
      "flake": false,
      "locked": {
        "lastModified": 1744501005,
        "narHash": "sha256-RLwxyGRmU1B8r6xO1YObF8qlNEj7qitNUArUlw092V8=",
        "owner": "RedsXDD",
        "repo": "neopywal.nvim",
        "rev": "09188d79b45694141ec779d05cbcc75f994639d1",
        "type": "github"
      },
      "original": {
        "owner": "RedsXDD",
        "repo": "neopywal.nvim",
        "type": "github"
      }
    },
    "root": {
      "inputs": {
        "nixCats": "nixCats",
        "nixpkgs": "nixpkgs",
        "plugins-hlargs": "plugins-hlargs",
        "plugins-neopywal-nvim": "plugins-neopywal-nvim"
      }
    }
  },
  "root": "root",
  "version": 7
}
