{
  "nodes": {
    "nixCats": {
      "locked": {
        "lastModified": 1748760778,
        "narHash": "sha256-i0xBOGCDtrJ29sIelwbSATUJK4AP6McPMxBA0dthK0o=",
        "owner": "BirdeeHub",
        "repo": "nixCats-nvim",
        "rev": "88cde33af841e2aa1ea0c83c4d9dcfefdde54fb3",
        "type": "github"
      },
      "original": {
        "owner": "BirdeeHub",
        "repo": "nixCats-nvim",
        "type": "github"
      }
    },
    "nixpkgs": {
      "locked": {
        "lastModified": 1749285348,
        "narHash": "sha256-frdhQvPbmDYaScPFiCnfdh3B/Vh81Uuoo0w5TkWmmjU=",
        "owner": "nixos",
        "repo": "nixpkgs",
        "rev": "3e3afe5174c561dee0df6f2c2b2236990146329f",
        "type": "github"
      },
      "original": {
        "owner": "nixos",
        "ref": "nixos-unstable",
        "repo": "nixpkgs",
        "type": "github"
      }
    },
    "plugins-hlargs": {
      "flake": false,
      "locked": {
        "lastModified": 1746790317,
        "narHash": "sha256-aj3ownRZSXuuMM9AWU3pEewY4SY7IOYtAnFWXPUwfk0=",
        "owner": "m-demare",
        "repo": "hlargs.nvim",
        "rev": "752927d9ebf753802bd4788e53c67a21b8e255cc",
        "type": "github"
      },
      "original": {
        "owner": "m-demare",
        "repo": "hlargs.nvim",
        "type": "github"
      }
    },
    "plugins-neopywal-nvim": {
      "flake": false,
      "locked": {
        "lastModified": 1744501005,
        "narHash": "sha256-RLwxyGRmU1B8r6xO1YObF8qlNEj7qitNUArUlw092V8=",
        "owner": "RedsXDD",
        "repo": "neopywal.nvim",
        "rev": "09188d79b45694141ec779d05cbcc75f994639d1",
        "type": "github"
      },
      "original": {
        "owner": "RedsXDD",
        "repo": "neopywal.nvim",
        "type": "github"
      }
    },
    "root": {
      "inputs": {
        "nixCats": "nixCats",
        "nixpkgs": "nixpkgs",
        "plugins-hlargs": "plugins-hlargs",
        "plugins-neopywal-nvim": "plugins-neopywal-nvim"
      }
    }
  },
  "root": "root",
  "version": 7
}
